
Microsoft Visual Studio Solution File, Format Version 12.00
Project("{FAE04EC0-301F-11D3-BF4B-00C04F79EFBC}") = "Geometry", "Geometry.csproj", "{324FD51B-6942-48C5-B380-56E602BEB90C}"
EndProject
Global
	GlobalSection(SolutionConfigurationPlatforms) = preSolution
		Debug|Any CPU = Debug|Any CPU
		Release|Any CPU = Release|Any CPU
	EndGlobalSection
	GlobalSection(ProjectConfigurationPlatforms) = postSolution
		{324FD51B-6942-48C5-B380-56E602BEB90C}.Debug|Any CPU.ActiveCfg = Debug|Any CPU
		{324FD51B-6942-48C5-B380-56E602BEB90C}.Debug|Any CPU.Build.0 = Debug|Any CPU
		{324FD51B-6942-48C5-B380-56E602BEB90C}.Release|Any CPU.ActiveCfg = Release|Any CPU
		{324FD51B-6942-48C5-B380-56E602BEB90C}.Release|Any CPU.Build.0 = Release|Any CPU
	EndGlobalSection
EndGlobal
